// !$*UTF8*$!
{
	archiveVersion = 1;
	classes = {
	};
	objectVersion = 46;
	objects = {

/* Begin PBXBuildFile section */
		EA0493D71E705D3100E019B4 /* tinyxml2.cpp in Sources */ = {isa = PBXBuildFile; fileRef = EA0493D51E705D3100E019B4 /* tinyxml2.cpp */; };
		EA0493DA1E7264D500E019B4 /* XMLAsset.cpp in Sources */ = {isa = PBXBuildFile; fileRef = EA0493D81E7264D400E019B4 /* XMLAsset.cpp */; };
		EA17DBD41E2BE2CC004CFA19 /* OpenGL.framework in Frameworks */ = {isa = PBXBuildFile; fileRef = EA17DBD31E2BE2CC004CFA19 /* OpenGL.framework */; };
		EA17DBD61E2BE2D3004CFA19 /* GLUT.framework in Frameworks */ = {isa = PBXBuildFile; fileRef = EA17DBD51E2BE2D3004CFA19 /* GLUT.framework */; };
		EA281C231E33AF9D00AFE86B /* main.cpp in Sources */ = {isa = PBXBuildFile; fileRef = EA281C1F1E33AF9D00AFE86B /* main.cpp */; };
		EA281C261E33AFA700AFE86B /* MyGame.cpp in Sources */ = {isa = PBXBuildFile; fileRef = EA281C241E33AFA700AFE86B /* MyGame.cpp */; };
		EA281C311E33AFB900AFE86B /* shader.cpp in Sources */ = {isa = PBXBuildFile; fileRef = EA281C2B1E33AFB900AFE86B /* shader.cpp */; };
		EA281C321E33AFB900AFE86B /* SimpleShader.cpp in Sources */ = {isa = PBXBuildFile; fileRef = EA281C2D1E33AFB900AFE86B /* SimpleShader.cpp */; };
		EA4593581E374DED00C2E885 /* Transform.cpp in Sources */ = {isa = PBXBuildFile; fileRef = EA4593561E374DED00C2E885 /* Transform.cpp */; };
		EA65086D1E4CCC87006B925A /* EngineInput.cpp in Sources */ = {isa = PBXBuildFile; fileRef = EA65086B1E4CCC87006B925A /* EngineInput.cpp */; };
		EA8C92291E5BF4E900A04145 /* ResourceMap.cpp in Sources */ = {isa = PBXBuildFile; fileRef = EA8C92271E5BF4E900A04145 /* ResourceMap.cpp */; };
		EA8C922C1E5C0B4600A04145 /* Asset.cpp in Sources */ = {isa = PBXBuildFile; fileRef = EA8C922A1E5C0B4600A04145 /* Asset.cpp */; };
		EA8C922F1E602B3C00A04145 /* TextFileLoader.cpp in Sources */ = {isa = PBXBuildFile; fileRef = EA8C922D1E602B3C00A04145 /* TextFileLoader.cpp */; };
		EA8C92321E6195C600A04145 /* TextAsset.cpp in Sources */ = {isa = PBXBuildFile; fileRef = EA8C92301E6195C600A04145 /* TextAsset.cpp */; };
		EA8C92351E686F0A00A04145 /* DefaultResources.cpp in Sources */ = {isa = PBXBuildFile; fileRef = EA8C92331E686F0A00A04145 /* DefaultResources.cpp */; };
		EABA32DE1E3C82BE007EA312 /* Camera.cpp in Sources */ = {isa = PBXBuildFile; fileRef = EABA32DC1E3C82BE007EA312 /* Camera.cpp */; };
		EABA32E11E3DA2C1007EA312 /* EngineGameLoop.cpp in Sources */ = {isa = PBXBuildFile; fileRef = EABA32DF1E3DA2C1007EA312 /* EngineGameLoop.cpp */; };
		EABCB3201E34A688009C0502 /* Renderable.cpp in Sources */ = {isa = PBXBuildFile; fileRef = EABCB31E1E34A688009C0502 /* Renderable.cpp */; };
		EABCB3261E34AB2C009C0502 /* EngineCore.cpp in Sources */ = {isa = PBXBuildFile; fileRef = EABCB3221E34AB2C009C0502 /* EngineCore.cpp */; };
		EABCB3271E34AB2C009C0502 /* EngineVertexBuffer.cpp in Sources */ = {isa = PBXBuildFile; fileRef = EABCB3241E34AB2C009C0502 /* EngineVertexBuffer.cpp */; };
		EAC95A331E49B47500819529 /* TimeUtil.cpp in Sources */ = {isa = PBXBuildFile; fileRef = EAC95A311E49B47500819529 /* TimeUtil.cpp */; };
		EAD717921E7A91CF00337DF2 /* SceneFileParser.cpp in Sources */ = {isa = PBXBuildFile; fileRef = EAD717901E7A91CF00337DF2 /* SceneFileParser.cpp */; };
		EAD717991E7ECA6C00337DF2 /* BlueLevel.cpp in Sources */ = {isa = PBXBuildFile; fileRef = EAD717971E7ECA6C00337DF2 /* BlueLevel.cpp */; };
		EAD718021E802A6C00337DF2 /* sfml-audio.framework in Frameworks */ = {isa = PBXBuildFile; fileRef = EAD718011E802A6C00337DF2 /* sfml-audio.framework */; };
/* End PBXBuildFile section */

/* Begin PBXCopyFilesBuildPhase section */
		EA17DBBF1E2A313D004CFA19 /* CopyFiles */ = {
			isa = PBXCopyFilesBuildPhase;
			buildActionMask = 2147483647;
			dstPath = /usr/share/man/man1/;
			dstSubfolderSpec = 0;
			files = (
			);
			runOnlyForDeploymentPostprocessing = 1;
		};
/* End PBXCopyFilesBuildPhase section */

/* Begin PBXFileReference section */
		EA0493CE1E70501700E019B4 /* scene.xml */ = {isa = PBXFileReference; fileEncoding = 4; lastKnownFileType = text.xml; name = scene.xml; path = assets/scene.xml; sourceTree = "<group>"; };
		EA0493D51E705D3100E019B4 /* tinyxml2.cpp */ = {isa = PBXFileReference; fileEncoding = 4; lastKnownFileType = sourcecode.cpp.cpp; name = tinyxml2.cpp; path = src/Engine/Util/tinyxml2.cpp; sourceTree = "<group>"; };
		EA0493D61E705D3100E019B4 /* tinyxml2.h */ = {isa = PBXFileReference; fileEncoding = 4; lastKnownFileType = sourcecode.c.h; name = tinyxml2.h; path = src/Engine/Util/tinyxml2.h; sourceTree = "<group>"; };
		EA0493D81E7264D400E019B4 /* XMLAsset.cpp */ = {isa = PBXFileReference; fileEncoding = 4; lastKnownFileType = sourcecode.cpp.cpp; name = XMLAsset.cpp; path = src/Engine/Core/Resources/XMLAsset.cpp; sourceTree = "<group>"; };
		EA0493D91E7264D400E019B4 /* XMLAsset.h */ = {isa = PBXFileReference; fileEncoding = 4; lastKnownFileType = sourcecode.c.h; name = XMLAsset.h; path = src/Engine/Core/Resources/XMLAsset.h; sourceTree = "<group>"; };
		EA17DBC11E2A313D004CFA19 /* XMEngine */ = {isa = PBXFileReference; explicitFileType = "compiled.mach-o.executable"; includeInIndex = 0; path = XMEngine; sourceTree = BUILT_PRODUCTS_DIR; };
		EA17DBD31E2BE2CC004CFA19 /* OpenGL.framework */ = {isa = PBXFileReference; lastKnownFileType = wrapper.framework; name = OpenGL.framework; path = System/Library/Frameworks/OpenGL.framework; sourceTree = SDKROOT; };
		EA17DBD51E2BE2D3004CFA19 /* GLUT.framework */ = {isa = PBXFileReference; lastKnownFileType = wrapper.framework; name = GLUT.framework; path = System/Library/Frameworks/GLUT.framework; sourceTree = SDKROOT; };
		EA281C1F1E33AF9D00AFE86B /* main.cpp */ = {isa = PBXFileReference; fileEncoding = 4; lastKnownFileType = sourcecode.cpp.cpp; name = main.cpp; path = src/main.cpp; sourceTree = "<group>"; };
		EA281C241E33AFA700AFE86B /* MyGame.cpp */ = {isa = PBXFileReference; fileEncoding = 4; lastKnownFileType = sourcecode.cpp.cpp; name = MyGame.cpp; path = src/MyGame/MyGame.cpp; sourceTree = "<group>"; };
		EA281C251E33AFA700AFE86B /* MyGame.h */ = {isa = PBXFileReference; fileEncoding = 4; lastKnownFileType = sourcecode.c.h; name = MyGame.h; path = src/MyGame/MyGame.h; sourceTree = "<group>"; };
		EA281C2B1E33AFB900AFE86B /* shader.cpp */ = {isa = PBXFileReference; fileEncoding = 4; lastKnownFileType = sourcecode.cpp.cpp; name = shader.cpp; path = src/Engine/shader.cpp; sourceTree = "<group>"; };
		EA281C2C1E33AFB900AFE86B /* shader.h */ = {isa = PBXFileReference; fileEncoding = 4; lastKnownFileType = sourcecode.c.h; name = shader.h; path = src/Engine/shader.h; sourceTree = "<group>"; };
		EA281C2D1E33AFB900AFE86B /* SimpleShader.cpp */ = {isa = PBXFileReference; fileEncoding = 4; lastKnownFileType = sourcecode.cpp.cpp; name = SimpleShader.cpp; path = src/Engine/SimpleShader.cpp; sourceTree = "<group>"; };
		EA281C2E1E33AFB900AFE86B /* SimpleShader.h */ = {isa = PBXFileReference; fileEncoding = 4; lastKnownFileType = sourcecode.c.h; name = SimpleShader.h; path = src/Engine/SimpleShader.h; sourceTree = "<group>"; };
		EA281C331E33AFC200AFE86B /* SingletonBase.h */ = {isa = PBXFileReference; fileEncoding = 4; lastKnownFileType = sourcecode.c.h; name = SingletonBase.h; path = src/Engine/Util/SingletonBase.h; sourceTree = "<group>"; };
		EA4593561E374DED00C2E885 /* Transform.cpp */ = {isa = PBXFileReference; fileEncoding = 4; lastKnownFileType = sourcecode.cpp.cpp; name = Transform.cpp; path = src/Engine/Core/Transform.cpp; sourceTree = "<group>"; };
		EA4593571E374DED00C2E885 /* Transform.h */ = {isa = PBXFileReference; fileEncoding = 4; lastKnownFileType = sourcecode.c.h; name = Transform.h; path = src/Engine/Core/Transform.h; sourceTree = "<group>"; };
		EA65086B1E4CCC87006B925A /* EngineInput.cpp */ = {isa = PBXFileReference; fileEncoding = 4; lastKnownFileType = sourcecode.cpp.cpp; name = EngineInput.cpp; path = src/Engine/Core/EngineInput.cpp; sourceTree = "<group>"; };
		EA65086C1E4CCC87006B925A /* EngineInput.h */ = {isa = PBXFileReference; fileEncoding = 4; lastKnownFileType = sourcecode.c.h; name = EngineInput.h; path = src/Engine/Core/EngineInput.h; sourceTree = "<group>"; };
		EA6508711E4E0374006B925A /* KeycodeDef.h */ = {isa = PBXFileReference; lastKnownFileType = sourcecode.c.h; name = KeycodeDef.h; path = src/Engine/Core/KeycodeDef.h; sourceTree = "<group>"; };
		EA8C92271E5BF4E900A04145 /* ResourceMap.cpp */ = {isa = PBXFileReference; fileEncoding = 4; lastKnownFileType = sourcecode.cpp.cpp; name = ResourceMap.cpp; path = src/Engine/Core/Resources/ResourceMap.cpp; sourceTree = "<group>"; };
		EA8C92281E5BF4E900A04145 /* ResourceMap.h */ = {isa = PBXFileReference; fileEncoding = 4; lastKnownFileType = sourcecode.c.h; name = ResourceMap.h; path = src/Engine/Core/Resources/ResourceMap.h; sourceTree = "<group>"; };
		EA8C922A1E5C0B4600A04145 /* Asset.cpp */ = {isa = PBXFileReference; fileEncoding = 4; lastKnownFileType = sourcecode.cpp.cpp; name = Asset.cpp; path = src/Engine/Core/Resources/Asset.cpp; sourceTree = "<group>"; };
		EA8C922B1E5C0B4600A04145 /* Asset.h */ = {isa = PBXFileReference; fileEncoding = 4; lastKnownFileType = sourcecode.c.h; name = Asset.h; path = src/Engine/Core/Resources/Asset.h; sourceTree = "<group>"; };
		EA8C922D1E602B3C00A04145 /* TextFileLoader.cpp */ = {isa = PBXFileReference; fileEncoding = 4; lastKnownFileType = sourcecode.cpp.cpp; name = TextFileLoader.cpp; path = src/Engine/Core/Resources/TextFileLoader.cpp; sourceTree = "<group>"; };
		EA8C922E1E602B3C00A04145 /* TextFileLoader.h */ = {isa = PBXFileReference; fileEncoding = 4; lastKnownFileType = sourcecode.c.h; name = TextFileLoader.h; path = src/Engine/Core/Resources/TextFileLoader.h; sourceTree = "<group>"; };
		EA8C92301E6195C600A04145 /* TextAsset.cpp */ = {isa = PBXFileReference; fileEncoding = 4; lastKnownFileType = sourcecode.cpp.cpp; name = TextAsset.cpp; path = src/Engine/Core/Resources/TextAsset.cpp; sourceTree = "<group>"; };
		EA8C92311E6195C600A04145 /* TextAsset.h */ = {isa = PBXFileReference; fileEncoding = 4; lastKnownFileType = sourcecode.c.h; name = TextAsset.h; path = src/Engine/Core/Resources/TextAsset.h; sourceTree = "<group>"; };
		EA8C92331E686F0A00A04145 /* DefaultResources.cpp */ = {isa = PBXFileReference; fileEncoding = 4; lastKnownFileType = sourcecode.cpp.cpp; name = DefaultResources.cpp; path = src/Engine/Core/Resources/DefaultResources.cpp; sourceTree = "<group>"; };
		EA8C92341E686F0A00A04145 /* DefaultResources.h */ = {isa = PBXFileReference; fileEncoding = 4; lastKnownFileType = sourcecode.c.h; name = DefaultResources.h; path = src/Engine/Core/Resources/DefaultResources.h; sourceTree = "<group>"; };
		EABA32DC1E3C82BE007EA312 /* Camera.cpp */ = {isa = PBXFileReference; fileEncoding = 4; lastKnownFileType = sourcecode.cpp.cpp; name = Camera.cpp; path = src/Engine/Camera.cpp; sourceTree = "<group>"; };
		EABA32DD1E3C82BE007EA312 /* Camera.h */ = {isa = PBXFileReference; fileEncoding = 4; lastKnownFileType = sourcecode.c.h; name = Camera.h; path = src/Engine/Camera.h; sourceTree = "<group>"; };
		EABA32DF1E3DA2C1007EA312 /* EngineGameLoop.cpp */ = {isa = PBXFileReference; fileEncoding = 4; lastKnownFileType = sourcecode.cpp.cpp; name = EngineGameLoop.cpp; path = src/Engine/Core/EngineGameLoop.cpp; sourceTree = "<group>"; };
		EABA32E01E3DA2C1007EA312 /* EngineGameLoop.h */ = {isa = PBXFileReference; fileEncoding = 4; lastKnownFileType = sourcecode.c.h; name = EngineGameLoop.h; path = src/Engine/Core/EngineGameLoop.h; sourceTree = "<group>"; };
		EABCB31B1E34899C009C0502 /* SimpleFS.glsl */ = {isa = PBXFileReference; fileEncoding = 4; lastKnownFileType = text; name = SimpleFS.glsl; path = src/GLSLShaders/SimpleFS.glsl; sourceTree = "<group>"; };
		EABCB31C1E34899C009C0502 /* SimpleVS.glsl */ = {isa = PBXFileReference; fileEncoding = 4; lastKnownFileType = text; name = SimpleVS.glsl; path = src/GLSLShaders/SimpleVS.glsl; sourceTree = "<group>"; };
		EABCB31D1E34899C009C0502 /* WhiteFS.glsl */ = {isa = PBXFileReference; fileEncoding = 4; lastKnownFileType = text; name = WhiteFS.glsl; path = src/GLSLShaders/WhiteFS.glsl; sourceTree = "<group>"; };
		EABCB31E1E34A688009C0502 /* Renderable.cpp */ = {isa = PBXFileReference; fileEncoding = 4; lastKnownFileType = sourcecode.cpp.cpp; name = Renderable.cpp; path = src/Engine/Renderable.cpp; sourceTree = "<group>"; };
		EABCB31F1E34A688009C0502 /* Renderable.h */ = {isa = PBXFileReference; fileEncoding = 4; lastKnownFileType = sourcecode.c.h; name = Renderable.h; path = src/Engine/Renderable.h; sourceTree = "<group>"; };
		EABCB3221E34AB2C009C0502 /* EngineCore.cpp */ = {isa = PBXFileReference; fileEncoding = 4; lastKnownFileType = sourcecode.cpp.cpp; name = EngineCore.cpp; path = src/Engine/Core/EngineCore.cpp; sourceTree = "<group>"; };
		EABCB3231E34AB2C009C0502 /* EngineCore.h */ = {isa = PBXFileReference; fileEncoding = 4; lastKnownFileType = sourcecode.c.h; name = EngineCore.h; path = src/Engine/Core/EngineCore.h; sourceTree = "<group>"; };
		EABCB3241E34AB2C009C0502 /* EngineVertexBuffer.cpp */ = {isa = PBXFileReference; fileEncoding = 4; lastKnownFileType = sourcecode.cpp.cpp; name = EngineVertexBuffer.cpp; path = src/Engine/Core/EngineVertexBuffer.cpp; sourceTree = "<group>"; };
		EABCB3251E34AB2C009C0502 /* EngineVertexBuffer.h */ = {isa = PBXFileReference; fileEncoding = 4; lastKnownFileType = sourcecode.c.h; name = EngineVertexBuffer.h; path = src/Engine/Core/EngineVertexBuffer.h; sourceTree = "<group>"; };
		EAC95A311E49B47500819529 /* TimeUtil.cpp */ = {isa = PBXFileReference; fileEncoding = 4; lastKnownFileType = sourcecode.cpp.cpp; name = TimeUtil.cpp; path = src/Engine/Util/TimeUtil.cpp; sourceTree = "<group>"; };
		EAC95A321E49B47500819529 /* TimeUtil.h */ = {isa = PBXFileReference; fileEncoding = 4; lastKnownFileType = sourcecode.c.h; name = TimeUtil.h; path = src/Engine/Util/TimeUtil.h; sourceTree = "<group>"; };
		EAD717901E7A91CF00337DF2 /* SceneFileParser.cpp */ = {isa = PBXFileReference; fileEncoding = 4; lastKnownFileType = sourcecode.cpp.cpp; name = SceneFileParser.cpp; path = src/Engine/Util/SceneFileParser.cpp; sourceTree = "<group>"; };
		EAD717911E7A91CF00337DF2 /* SceneFileParser.h */ = {isa = PBXFileReference; fileEncoding = 4; lastKnownFileType = sourcecode.c.h; name = SceneFileParser.h; path = src/Engine/Util/SceneFileParser.h; sourceTree = "<group>"; };
		EAD717941E7D5FE700337DF2 /* Scene.h */ = {isa = PBXFileReference; fileEncoding = 4; lastKnownFileType = sourcecode.c.h; name = Scene.h; path = src/Engine/Scene.h; sourceTree = "<group>"; };
		EAD717961E7D91DF00337DF2 /* BlueLevel.xml */ = {isa = PBXFileReference; fileEncoding = 4; lastKnownFileType = text.xml; name = BlueLevel.xml; path = assets/BlueLevel.xml; sourceTree = "<group>"; };
		EAD717971E7ECA6C00337DF2 /* BlueLevel.cpp */ = {isa = PBXFileReference; fileEncoding = 4; lastKnownFileType = sourcecode.cpp.cpp; name = BlueLevel.cpp; path = src/MyGame/BlueLevel.cpp; sourceTree = "<group>"; };
		EAD717981E7ECA6C00337DF2 /* BlueLevel.h */ = {isa = PBXFileReference; fileEncoding = 4; lastKnownFileType = sourcecode.c.h; name = BlueLevel.h; path = src/MyGame/BlueLevel.h; sourceTree = "<group>"; };
		EAD718011E802A6C00337DF2 /* sfml-audio.framework */ = {isa = PBXFileReference; lastKnownFileType = wrapper.framework; name = "sfml-audio.framework"; path = "../../../../../../Library/Frameworks/sfml-audio.framework"; sourceTree = "<group>"; };
/* End PBXFileReference section */

/* Begin PBXFrameworksBuildPhase section */
		EA17DBBE1E2A313D004CFA19 /* Frameworks */ = {
			isa = PBXFrameworksBuildPhase;
			buildActionMask = 2147483647;
			files = (
				EAD718021E802A6C00337DF2 /* sfml-audio.framework in Frameworks */,
				EA17DBD61E2BE2D3004CFA19 /* GLUT.framework in Frameworks */,
				EA17DBD41E2BE2CC004CFA19 /* OpenGL.framework in Frameworks */,
			);
			runOnlyForDeploymentPostprocessing = 0;
		};
/* End PBXFrameworksBuildPhase section */

/* Begin PBXGroup section */
		EA0493CD1E704F8200E019B4 /* assets */ = {
			isa = PBXGroup;
			children = (
				EA0493CE1E70501700E019B4 /* scene.xml */,
				EAD717961E7D91DF00337DF2 /* BlueLevel.xml */,
			);
			name = assets;
			sourceTree = "<group>";
		};
		EA17DBB81E2A313D004CFA19 = {
			isa = PBXGroup;
			children = (
				EAD718011E802A6C00337DF2 /* sfml-audio.framework */,
				EA17DBD51E2BE2D3004CFA19 /* GLUT.framework */,
				EA17DBD31E2BE2CC004CFA19 /* OpenGL.framework */,
				EA17DBC31E2A313D004CFA19 /* XMEngine */,
				EA17DBC21E2A313D004CFA19 /* Products */,
			);
			sourceTree = "<group>";
		};
		EA17DBC21E2A313D004CFA19 /* Products */ = {
			isa = PBXGroup;
			children = (
				EA17DBC11E2A313D004CFA19 /* XMEngine */,
			);
			name = Products;
			sourceTree = "<group>";
		};
		EA17DBC31E2A313D004CFA19 /* XMEngine */ = {
			isa = PBXGroup;
			children = (
				EA0493CD1E704F8200E019B4 /* assets */,
				EA17DBD71E2C6EF5004CFA19 /* src */,
			);
			path = XMEngine;
			sourceTree = "<group>";
		};
		EA17DBD71E2C6EF5004CFA19 /* src */ = {
			isa = PBXGroup;
			children = (
				EA281C1F1E33AF9D00AFE86B /* main.cpp */,
				EABCB31A1E348968009C0502 /* GLSLShaders */,
				EA281C0E1E2FAFFF00AFE86B /* MyGame */,
				EA281C0D1E2FAFF500AFE86B /* Engine */,
			);
			name = src;
			sourceTree = "<group>";
		};
		EA281C0D1E2FAFF500AFE86B /* Engine */ = {
			isa = PBXGroup;
			children = (
				EABCB3211E34AAB2009C0502 /* Core */,
				EA281C151E30AE0000AFE86B /* Util */,
				EA281C2B1E33AFB900AFE86B /* shader.cpp */,
				EA281C2C1E33AFB900AFE86B /* shader.h */,
				EA281C2D1E33AFB900AFE86B /* SimpleShader.cpp */,
				EA281C2E1E33AFB900AFE86B /* SimpleShader.h */,
				EABCB31E1E34A688009C0502 /* Renderable.cpp */,
				EABCB31F1E34A688009C0502 /* Renderable.h */,
				EA4593561E374DED00C2E885 /* Transform.cpp */,
				EA4593571E374DED00C2E885 /* Transform.h */,
				EABA32DC1E3C82BE007EA312 /* Camera.cpp */,
				EABA32DD1E3C82BE007EA312 /* Camera.h */,
				EAD717941E7D5FE700337DF2 /* Scene.h */,
			);
			name = Engine;
			sourceTree = "<group>";
		};
		EA281C0E1E2FAFFF00AFE86B /* MyGame */ = {
			isa = PBXGroup;
			children = (
				EA281C241E33AFA700AFE86B /* MyGame.cpp */,
				EA281C251E33AFA700AFE86B /* MyGame.h */,
				EAD717971E7ECA6C00337DF2 /* BlueLevel.cpp */,
				EAD717981E7ECA6C00337DF2 /* BlueLevel.h */,
			);
			name = MyGame;
			sourceTree = "<group>";
		};
		EA281C151E30AE0000AFE86B /* Util */ = {
			isa = PBXGroup;
			children = (
				EAD717901E7A91CF00337DF2 /* SceneFileParser.cpp */,
				EAD717911E7A91CF00337DF2 /* SceneFileParser.h */,
				EA0493D51E705D3100E019B4 /* tinyxml2.cpp */,
				EA0493D61E705D3100E019B4 /* tinyxml2.h */,
				EA281C331E33AFC200AFE86B /* SingletonBase.h */,
				EAC95A311E49B47500819529 /* TimeUtil.cpp */,
				EAC95A321E49B47500819529 /* TimeUtil.h */,
			);
			name = Util;
			sourceTree = "<group>";
		};
		EA8C92261E5BEB9200A04145 /* Resources */ = {
			isa = PBXGroup;
			children = (
				EA8C92271E5BF4E900A04145 /* ResourceMap.cpp */,
				EA8C92281E5BF4E900A04145 /* ResourceMap.h */,
				EA8C922A1E5C0B4600A04145 /* Asset.cpp */,
				EA8C922B1E5C0B4600A04145 /* Asset.h */,
				EA8C922D1E602B3C00A04145 /* TextFileLoader.cpp */,
				EA8C922E1E602B3C00A04145 /* TextFileLoader.h */,
				EA8C92301E6195C600A04145 /* TextAsset.cpp */,
				EA8C92311E6195C600A04145 /* TextAsset.h */,
				EA8C92331E686F0A00A04145 /* DefaultResources.cpp */,
				EA8C92341E686F0A00A04145 /* DefaultResources.h */,
				EA0493D81E7264D400E019B4 /* XMLAsset.cpp */,
				EA0493D91E7264D400E019B4 /* XMLAsset.h */,
			);
			name = Resources;
			sourceTree = "<group>";
		};
		EABCB31A1E348968009C0502 /* GLSLShaders */ = {
			isa = PBXGroup;
			children = (
				EABCB31B1E34899C009C0502 /* SimpleFS.glsl */,
				EABCB31C1E34899C009C0502 /* SimpleVS.glsl */,
				EABCB31D1E34899C009C0502 /* WhiteFS.glsl */,
			);
			name = GLSLShaders;
			sourceTree = "<group>";
		};
		EABCB3211E34AAB2009C0502 /* Core */ = {
			isa = PBXGroup;
			children = (
				EA8C92261E5BEB9200A04145 /* Resources */,
				EABCB3221E34AB2C009C0502 /* EngineCore.cpp */,
				EABCB3251E34AB2C009C0502 /* EngineVertexBuffer.h */,
				EABCB3231E34AB2C009C0502 /* EngineCore.h */,
				EABCB3241E34AB2C009C0502 /* EngineVertexBuffer.cpp */,
				EABA32DF1E3DA2C1007EA312 /* EngineGameLoop.cpp */,
				EABA32E01E3DA2C1007EA312 /* EngineGameLoop.h */,
				EA65086B1E4CCC87006B925A /* EngineInput.cpp */,
				EA65086C1E4CCC87006B925A /* EngineInput.h */,
				EA6508711E4E0374006B925A /* KeycodeDef.h */,
			);
			name = Core;
			sourceTree = "<group>";
		};
/* End PBXGroup section */

/* Begin PBXNativeTarget section */
		EA17DBC01E2A313D004CFA19 /* XMEngine */ = {
			isa = PBXNativeTarget;
			buildConfigurationList = EA17DBC81E2A313D004CFA19 /* Build configuration list for PBXNativeTarget "XMEngine" */;
			buildPhases = (
				EA17DBBD1E2A313D004CFA19 /* Sources */,
				EA17DBBE1E2A313D004CFA19 /* Frameworks */,
				EA17DBBF1E2A313D004CFA19 /* CopyFiles */,
			);
			buildRules = (
			);
			dependencies = (
			);
			name = XMEngine;
			productName = XMEngine;
			productReference = EA17DBC11E2A313D004CFA19 /* XMEngine */;
			productType = "com.apple.product-type.tool";
		};
/* End PBXNativeTarget section */

/* Begin PBXProject section */
		EA17DBB91E2A313D004CFA19 /* Project object */ = {
			isa = PBXProject;
			attributes = {
				LastUpgradeCheck = 0730;
				ORGANIZATIONNAME = thezzk;
				TargetAttributes = {
					EA17DBC01E2A313D004CFA19 = {
						CreatedOnToolsVersion = 7.3.1;
					};
				};
			};
			buildConfigurationList = EA17DBBC1E2A313D004CFA19 /* Build configuration list for PBXProject "XMEngine" */;
			compatibilityVersion = "Xcode 3.2";
			developmentRegion = English;
			hasScannedForEncodings = 0;
			knownRegions = (
				en,
			);
			mainGroup = EA17DBB81E2A313D004CFA19;
			productRefGroup = EA17DBC21E2A313D004CFA19 /* Products */;
			projectDirPath = "";
			projectRoot = "";
			targets = (
				EA17DBC01E2A313D004CFA19 /* XMEngine */,
			);
		};
/* End PBXProject section */

/* Begin PBXSourcesBuildPhase section */
		EA17DBBD1E2A313D004CFA19 /* Sources */ = {
			isa = PBXSourcesBuildPhase;
			buildActionMask = 2147483647;
			files = (
				EABCB3261E34AB2C009C0502 /* EngineCore.cpp in Sources */,
				EA281C311E33AFB900AFE86B /* shader.cpp in Sources */,
				EAC95A331E49B47500819529 /* TimeUtil.cpp in Sources */,
				EAD717921E7A91CF00337DF2 /* SceneFileParser.cpp in Sources */,
				EAD717991E7ECA6C00337DF2 /* BlueLevel.cpp in Sources */,
				EA8C92321E6195C600A04145 /* TextAsset.cpp in Sources */,
				EA4593581E374DED00C2E885 /* Transform.cpp in Sources */,
				EA8C922F1E602B3C00A04145 /* TextFileLoader.cpp in Sources */,
				EA281C231E33AF9D00AFE86B /* main.cpp in Sources */,
				EABA32DE1E3C82BE007EA312 /* Camera.cpp in Sources */,
				EA8C922C1E5C0B4600A04145 /* Asset.cpp in Sources */,
				EA0493DA1E7264D500E019B4 /* XMLAsset.cpp in Sources */,
				EA65086D1E4CCC87006B925A /* EngineInput.cpp in Sources */,
				EABA32E11E3DA2C1007EA312 /* EngineGameLoop.cpp in Sources */,
				EA281C321E33AFB900AFE86B /* SimpleShader.cpp in Sources */,
				EA281C261E33AFA700AFE86B /* MyGame.cpp in Sources */,
				EABCB3271E34AB2C009C0502 /* EngineVertexBuffer.cpp in Sources */,
				EA8C92351E686F0A00A04145 /* DefaultResources.cpp in Sources */,
				EA0493D71E705D3100E019B4 /* tinyxml2.cpp in Sources */,
				EA8C92291E5BF4E900A04145 /* ResourceMap.cpp in Sources */,
				EABCB3201E34A688009C0502 /* Renderable.cpp in Sources */,
			);
			runOnlyForDeploymentPostprocessing = 0;
		};
/* End PBXSourcesBuildPhase section */

/* Begin XCBuildConfiguration section */
		EA17DBC61E2A313D004CFA19 /* Debug */ = {
			isa = XCBuildConfiguration;
			buildSettings = {
				ALWAYS_SEARCH_USER_PATHS = NO;
				CLANG_ANALYZER_NONNULL = YES;
				CLANG_CXX_LANGUAGE_STANDARD = "gnu++0x";
				CLANG_CXX_LIBRARY = "libc++";
				CLANG_ENABLE_MODULES = YES;
				CLANG_ENABLE_OBJC_ARC = YES;
				CLANG_WARN_BOOL_CONVERSION = YES;
				CLANG_WARN_CONSTANT_CONVERSION = YES;
				CLANG_WARN_DIRECT_OBJC_ISA_USAGE = YES_ERROR;
				CLANG_WARN_EMPTY_BODY = YES;
				CLANG_WARN_ENUM_CONVERSION = YES;
				CLANG_WARN_INT_CONVERSION = YES;
				CLANG_WARN_OBJC_ROOT_CLASS = YES_ERROR;
				CLANG_WARN_UNREACHABLE_CODE = YES;
				CLANG_WARN__DUPLICATE_METHOD_MATCH = YES;
				CODE_SIGN_IDENTITY = "-";
				COPY_PHASE_STRIP = NO;
				DEBUG_INFORMATION_FORMAT = dwarf;
				ENABLE_STRICT_OBJC_MSGSEND = YES;
				ENABLE_TESTABILITY = YES;
				GCC_C_LANGUAGE_STANDARD = gnu99;
				GCC_DYNAMIC_NO_PIC = NO;
				GCC_NO_COMMON_BLOCKS = YES;
				GCC_OPTIMIZATION_LEVEL = 0;
				GCC_PREPROCESSOR_DEFINITIONS = (
					"DEBUG=1",
					"$(inherited)",
				);
				GCC_WARN_64_TO_32_BIT_CONVERSION = YES;
				GCC_WARN_ABOUT_RETURN_TYPE = YES_ERROR;
				GCC_WARN_UNDECLARED_SELECTOR = YES;
				GCC_WARN_UNINITIALIZED_AUTOS = YES_AGGRESSIVE;
				GCC_WARN_UNUSED_FUNCTION = YES;
				GCC_WARN_UNUSED_VARIABLE = YES;
				MACOSX_DEPLOYMENT_TARGET = 10.11;
				MTL_ENABLE_DEBUG_INFO = YES;
				ONLY_ACTIVE_ARCH = YES;
				SDKROOT = macosx;
			};
			name = Debug;
		};
		EA17DBC71E2A313D004CFA19 /* Release */ = {
			isa = XCBuildConfiguration;
			buildSettings = {
				ALWAYS_SEARCH_USER_PATHS = NO;
				CLANG_ANALYZER_NONNULL = YES;
				CLANG_CXX_LANGUAGE_STANDARD = "gnu++0x";
				CLANG_CXX_LIBRARY = "libc++";
				CLANG_ENABLE_MODULES = YES;
				CLANG_ENABLE_OBJC_ARC = YES;
				CLANG_WARN_BOOL_CONVERSION = YES;
				CLANG_WARN_CONSTANT_CONVERSION = YES;
				CLANG_WARN_DIRECT_OBJC_ISA_USAGE = YES_ERROR;
				CLANG_WARN_EMPTY_BODY = YES;
				CLANG_WARN_ENUM_CONVERSION = YES;
				CLANG_WARN_INT_CONVERSION = YES;
				CLANG_WARN_OBJC_ROOT_CLASS = YES_ERROR;
				CLANG_WARN_UNREACHABLE_CODE = YES;
				CLANG_WARN__DUPLICATE_METHOD_MATCH = YES;
				CODE_SIGN_IDENTITY = "-";
				COPY_PHASE_STRIP = NO;
				DEBUG_INFORMATION_FORMAT = "dwarf-with-dsym";
				ENABLE_NS_ASSERTIONS = NO;
				ENABLE_STRICT_OBJC_MSGSEND = YES;
				GCC_C_LANGUAGE_STANDARD = gnu99;
				GCC_NO_COMMON_BLOCKS = YES;
				GCC_WARN_64_TO_32_BIT_CONVERSION = YES;
				GCC_WARN_ABOUT_RETURN_TYPE = YES_ERROR;
				GCC_WARN_UNDECLARED_SELECTOR = YES;
				GCC_WARN_UNINITIALIZED_AUTOS = YES_AGGRESSIVE;
				GCC_WARN_UNUSED_FUNCTION = YES;
				GCC_WARN_UNUSED_VARIABLE = YES;
				MACOSX_DEPLOYMENT_TARGET = 10.11;
				MTL_ENABLE_DEBUG_INFO = NO;
				SDKROOT = macosx;
			};
			name = Release;
		};
		EA17DBC91E2A313D004CFA19 /* Debug */ = {
			isa = XCBuildConfiguration;
			buildSettings = {
				FRAMEWORK_SEARCH_PATHS = (
					"$(inherited)",
					"$(LOCAL_LIBRARY_DIR)/Frameworks",
				);
				"HEADER_SEARCH_PATHS[arch=*]" = (
					"$(glfw_header)",
					"$(glew_header)",
					"$(glm_header)",
				);
				"LIBRARY_SEARCH_PATHS[arch=*]" = (
					"$(glfw_lib)",
					"$(glew_lib)",
					"$(glm_lib)",
				);
				"OTHER_LDFLAGS[arch=*]" = (
					"-lglfw",
					"-lglew",
				);
				PRODUCT_NAME = "$(TARGET_NAME)";
				SYMROOT = build;
			};
			name = Debug;
		};
		EA17DBCA1E2A313D004CFA19 /* Release */ = {
			isa = XCBuildConfiguration;
			buildSettings = {
				FRAMEWORK_SEARCH_PATHS = (
					"$(inherited)",
					"$(LOCAL_LIBRARY_DIR)/Frameworks",
				);
				"HEADER_SEARCH_PATHS[arch=*]" = (
					"$(glfw_header)",
					"$(glew_header)",
					"$(glm_header)",
				);
				"LIBRARY_SEARCH_PATHS[arch=*]" = (
					"$(glfw_lib)",
					"$(glew_lib)",
					"$(glm_lib)",
				);
				"OTHER_LDFLAGS[arch=*]" = (
					"-lglfw",
					"-lglew",
				);
				PRODUCT_NAME = "$(TARGET_NAME)";
				SYMROOT = build;
			};
			name = Release;
		};
/* End XCBuildConfiguration section */

/* Begin XCConfigurationList section */
		EA17DBBC1E2A313D004CFA19 /* Build configuration list for PBXProject "XMEngine" */ = {
			isa = XCConfigurationList;
			buildConfigurations = (
				EA17DBC61E2A313D004CFA19 /* Debug */,
				EA17DBC71E2A313D004CFA19 /* Release */,
			);
			defaultConfigurationIsVisible = 0;
			defaultConfigurationName = Release;
		};
		EA17DBC81E2A313D004CFA19 /* Build configuration list for PBXNativeTarget "XMEngine" */ = {
			isa = XCConfigurationList;
			buildConfigurations = (
				EA17DBC91E2A313D004CFA19 /* Debug */,
				EA17DBCA1E2A313D004CFA19 /* Release */,
			);
			defaultConfigurationIsVisible = 0;
			defaultConfigurationName = Release;
		};
/* End XCConfigurationList section */
	};
	rootObject = EA17DBB91E2A313D004CFA19 /* Project object */;
}
